
Microsoft Visual Studio Solution File, Format Version 12.00
# Visual Studio 15
<<<<<<< HEAD
VisualStudioVersion = 15.0.26730.15
MinimumVisualStudioVersion = 10.0.40219.1
Project("{FAE04EC0-301F-11D3-BF4B-00C04F79EFBC}") = "Chatbot", "Chatbot\Chatbot.csproj", "{45918D97-CC52-48D5-B34A-3343B3E5F1C0}"
	ProjectSection(ProjectDependencies) = postProject
		{FE7DBE15-8FFA-4C74-8F45-C8EAA129B857} = {FE7DBE15-8FFA-4C74-8F45-C8EAA129B857}
		{B295E63E-B685-4686-A4A6-C93151FBB71B} = {B295E63E-B685-4686-A4A6-C93151FBB71B}
		{B543258B-078D-4D77-BAD4-7E689473192A} = {B543258B-078D-4D77-BAD4-7E689473192A}
		{E3324C94-C222-4B8C-85D8-D989A5B11120} = {E3324C94-C222-4B8C-85D8-D989A5B11120}
		{5249E6F8-05CF-47B6-95BE-4776F003093F} = {5249E6F8-05CF-47B6-95BE-4776F003093F}
	EndProjectSection
EndProject
Project("{FAE04EC0-301F-11D3-BF4B-00C04F79EFBC}") = "Chatbot.Interfaces", "Chatbot.Interfaces\Chatbot.Interfaces.csproj", "{15426C84-8DA5-4F58-8E68-47FC3674EC31}"
EndProject
=======
VisualStudioVersion = 15.0.27004.2010
MinimumVisualStudioVersion = 10.0.40219.1
Project("{FAE04EC0-301F-11D3-BF4B-00C04F79EFBC}") = "Chatbot.Plugins.EchoBot", "Chatbot.Plugins.EchoBot\Chatbot.Plugins.EchoBot.csproj", "{E3324C94-C222-4B8C-85D8-D989A5B11120}"
EndProject
Project("{FAE04EC0-301F-11D3-BF4B-00C04F79EFBC}") = "Chatbot.DataAccessLayer", "Chatbot.DataAccessLayer\Chatbot.DataAccessLayer.csproj", "{AC9F74A2-8AEF-4728-88B0-4FE15BEB1BCE}"
EndProject
Project("{2150E333-8FDC-42A3-9474-1A3956D46DE8}") = "Plugins", "Plugins", "{E32D03E9-3A8B-4EAA-98A8-9A398245DD86}"
EndProject
Project("{FAE04EC0-301F-11D3-BF4B-00C04F79EFBC}") = "Chatbot.Mapping", "Chatbot.Mapping\Chatbot.Mapping.csproj", "{FE7DBE15-8FFA-4C74-8F45-C8EAA129B857}"
EndProject
Project("{2150E333-8FDC-42A3-9474-1A3956D46DE8}") = "Mapping", "Mapping", "{67D7DD13-3F26-40EF-8E6A-E4F54689B576}"
EndProject
Project("{2150E333-8FDC-42A3-9474-1A3956D46DE8}") = "DataAccessLayer", "DataAccessLayer", "{443B486C-3D93-4D31-8CB2-215E69F60AFB}"
EndProject
Project("{FAE04EC0-301F-11D3-BF4B-00C04F79EFBC}") = "Chatbot.Plugins.WeatherPlugin", "Chatbot.Plugins.WeatherPlugin\Chatbot.Plugins.WeatherPlugin.csproj", "{AE28F4B0-788D-419B-93E9-ED5D800D64F4}"
EndProject
Project("{FAE04EC0-301F-11D3-BF4B-00C04F79EFBC}") = "Chatbot.Plugins.RoutePlannerBot", "Chatbot.Plugins.RoutePlannerBot\Chatbot.Plugins.RoutePlannerBot.csproj", "{58F9F95F-B00E-4DD8-9467-13141EDF5038}"
EndProject
Project("{FAE04EC0-301F-11D3-BF4B-00C04F79EFBC}") = "Chatbot.Plugins.NewsBot", "Chatbot.Plugins.NewsBot\Chatbot.Plugins.NewsBot.csproj", "{D79B2B31-AE96-40FC-9AFD-F3DAF852662E}"
EndProject
Project("{2150E333-8FDC-42A3-9474-1A3956D46DE8}") = "BusinessLayer", "BusinessLayer", "{529A7824-04C4-4787-9306-B2B35EF44DD3}"
EndProject
Project("{FAE04EC0-301F-11D3-BF4B-00C04F79EFBC}") = "Chatbot.BusinessLayer", "Chatbot.BusinessLayer\Chatbot.BusinessLayer.csproj", "{5448D1F7-2869-41C8-88F5-5634309D12E7}"
EndProject
Project("{FAE04EC0-301F-11D3-BF4B-00C04F79EFBC}") = "Chatbot.BusinessLayer.Interfaces", "Chatbot.BusinessLayer.Interfaces\Chatbot.BusinessLayer.Interfaces.csproj", "{9091FCE7-1289-4BBC-8BC6-669058DF4BA8}"
EndProject
Project("{FAE04EC0-301F-11D3-BF4B-00C04F79EFBC}") = "Chatbot.DataAccessLayer.Interfaces", "Chatbot.DataAccessLayer.Interfaces\Chatbot.DataAccessLayer.Interfaces.csproj", "{004E2679-196B-4685-8E92-8FEC5A01FED9}"
EndProject
Project("{2150E333-8FDC-42A3-9474-1A3956D46DE8}") = "ServiceLayer", "ServiceLayer", "{5FB94DB0-A08F-472D-A147-E30840CBAB43}"
EndProject
Project("{2150E333-8FDC-42A3-9474-1A3956D46DE8}") = "Common", "Common", "{82C11B27-DFC7-473B-A790-D729C95AF960}"
EndProject
Project("{FAE04EC0-301F-11D3-BF4B-00C04F79EFBC}") = "Chatbot.BusinessLayer.Models", "Chatbot.BusinessLayer.Models\Chatbot.BusinessLayer.Models.csproj", "{B295E63E-B685-4686-A4A6-C93151FBB71B}"
EndProject
Project("{FAE04EC0-301F-11D3-BF4B-00C04F79EFBC}") = "Chatbot.ServiceLayer", "Chatbot.ServiceLayer\Chatbot.ServiceLayer.csproj", "{45918D97-CC52-48D5-B34A-3343B3E5F1C0}"
	ProjectSection(ProjectDependencies) = postProject
		{D79B2B31-AE96-40FC-9AFD-F3DAF852662E} = {D79B2B31-AE96-40FC-9AFD-F3DAF852662E}
		{58F9F95F-B00E-4DD8-9467-13141EDF5038} = {58F9F95F-B00E-4DD8-9467-13141EDF5038}
		{E3324C94-C222-4B8C-85D8-D989A5B11120} = {E3324C94-C222-4B8C-85D8-D989A5B11120}
		{AE28F4B0-788D-419B-93E9-ED5D800D64F4} = {AE28F4B0-788D-419B-93E9-ED5D800D64F4}
	EndProjectSection
EndProject
Project("{FAE04EC0-301F-11D3-BF4B-00C04F79EFBC}") = "Chatbot.ServiceLayer.DTOs", "Chatbot.ServiceLayer.DTOs\Chatbot.ServiceLayer.DTOs.csproj", "{5249E6F8-05CF-47B6-95BE-4776F003093F}"
EndProject
Project("{FAE04EC0-301F-11D3-BF4B-00C04F79EFBC}") = "Chatbot.Common.Interfaces", "Chatbot.Common.Interfaces\Chatbot.Common.Interfaces.csproj", "{D988E757-4EE0-4FBA-B843-6AADBD942281}"
EndProject
Project("{FAE04EC0-301F-11D3-BF4B-00C04F79EFBC}") = "Chatbot.Common.PluginManager", "Chatbot.Common.PluginManager\Chatbot.Common.PluginManager.csproj", "{15426C84-8DA5-4F58-8E68-47FC3674EC31}"
EndProject
Project("{FAE04EC0-301F-11D3-BF4B-00C04F79EFBC}") = "Chatbot.DataAccessLayer.Entities", "Chatbot.DataAccessLayer.Entities\Chatbot.DataAccessLayer.Entities.csproj", "{404732F6-B3FB-451F-B63C-EA1875E79390}"
EndProject
Global
	GlobalSection(SolutionConfigurationPlatforms) = preSolution
		Debug|Any CPU = Debug|Any CPU
		Release|Any CPU = Release|Any CPU
	EndGlobalSection
	GlobalSection(ProjectConfigurationPlatforms) = postSolution
		{E3324C94-C222-4B8C-85D8-D989A5B11120}.Debug|Any CPU.ActiveCfg = Debug|Any CPU
		{E3324C94-C222-4B8C-85D8-D989A5B11120}.Debug|Any CPU.Build.0 = Debug|Any CPU
		{E3324C94-C222-4B8C-85D8-D989A5B11120}.Release|Any CPU.ActiveCfg = Release|Any CPU
		{E3324C94-C222-4B8C-85D8-D989A5B11120}.Release|Any CPU.Build.0 = Release|Any CPU
		{AC9F74A2-8AEF-4728-88B0-4FE15BEB1BCE}.Debug|Any CPU.ActiveCfg = Debug|Any CPU
		{AC9F74A2-8AEF-4728-88B0-4FE15BEB1BCE}.Debug|Any CPU.Build.0 = Debug|Any CPU
		{AC9F74A2-8AEF-4728-88B0-4FE15BEB1BCE}.Release|Any CPU.ActiveCfg = Release|Any CPU
		{AC9F74A2-8AEF-4728-88B0-4FE15BEB1BCE}.Release|Any CPU.Build.0 = Release|Any CPU
		{FE7DBE15-8FFA-4C74-8F45-C8EAA129B857}.Debug|Any CPU.ActiveCfg = Debug|Any CPU
		{FE7DBE15-8FFA-4C74-8F45-C8EAA129B857}.Debug|Any CPU.Build.0 = Debug|Any CPU
		{FE7DBE15-8FFA-4C74-8F45-C8EAA129B857}.Release|Any CPU.ActiveCfg = Release|Any CPU
		{FE7DBE15-8FFA-4C74-8F45-C8EAA129B857}.Release|Any CPU.Build.0 = Release|Any CPU
		{AE28F4B0-788D-419B-93E9-ED5D800D64F4}.Debug|Any CPU.ActiveCfg = Debug|Any CPU
		{AE28F4B0-788D-419B-93E9-ED5D800D64F4}.Debug|Any CPU.Build.0 = Debug|Any CPU
		{AE28F4B0-788D-419B-93E9-ED5D800D64F4}.Release|Any CPU.ActiveCfg = Release|Any CPU
		{AE28F4B0-788D-419B-93E9-ED5D800D64F4}.Release|Any CPU.Build.0 = Release|Any CPU
		{58F9F95F-B00E-4DD8-9467-13141EDF5038}.Debug|Any CPU.ActiveCfg = Debug|Any CPU
		{58F9F95F-B00E-4DD8-9467-13141EDF5038}.Debug|Any CPU.Build.0 = Debug|Any CPU
		{58F9F95F-B00E-4DD8-9467-13141EDF5038}.Release|Any CPU.ActiveCfg = Release|Any CPU
		{58F9F95F-B00E-4DD8-9467-13141EDF5038}.Release|Any CPU.Build.0 = Release|Any CPU
		{D79B2B31-AE96-40FC-9AFD-F3DAF852662E}.Debug|Any CPU.ActiveCfg = Debug|Any CPU
		{D79B2B31-AE96-40FC-9AFD-F3DAF852662E}.Debug|Any CPU.Build.0 = Debug|Any CPU
		{D79B2B31-AE96-40FC-9AFD-F3DAF852662E}.Release|Any CPU.ActiveCfg = Release|Any CPU
		{D79B2B31-AE96-40FC-9AFD-F3DAF852662E}.Release|Any CPU.Build.0 = Release|Any CPU
		{5448D1F7-2869-41C8-88F5-5634309D12E7}.Debug|Any CPU.ActiveCfg = Debug|Any CPU
		{5448D1F7-2869-41C8-88F5-5634309D12E7}.Debug|Any CPU.Build.0 = Debug|Any CPU
		{5448D1F7-2869-41C8-88F5-5634309D12E7}.Release|Any CPU.ActiveCfg = Release|Any CPU
		{5448D1F7-2869-41C8-88F5-5634309D12E7}.Release|Any CPU.Build.0 = Release|Any CPU
		{9091FCE7-1289-4BBC-8BC6-669058DF4BA8}.Debug|Any CPU.ActiveCfg = Debug|Any CPU
		{9091FCE7-1289-4BBC-8BC6-669058DF4BA8}.Debug|Any CPU.Build.0 = Debug|Any CPU
		{9091FCE7-1289-4BBC-8BC6-669058DF4BA8}.Release|Any CPU.ActiveCfg = Release|Any CPU
		{9091FCE7-1289-4BBC-8BC6-669058DF4BA8}.Release|Any CPU.Build.0 = Release|Any CPU
		{004E2679-196B-4685-8E92-8FEC5A01FED9}.Debug|Any CPU.ActiveCfg = Debug|Any CPU
		{004E2679-196B-4685-8E92-8FEC5A01FED9}.Debug|Any CPU.Build.0 = Debug|Any CPU
		{004E2679-196B-4685-8E92-8FEC5A01FED9}.Release|Any CPU.ActiveCfg = Release|Any CPU
		{004E2679-196B-4685-8E92-8FEC5A01FED9}.Release|Any CPU.Build.0 = Release|Any CPU
		{B295E63E-B685-4686-A4A6-C93151FBB71B}.Debug|Any CPU.ActiveCfg = Debug|Any CPU
		{B295E63E-B685-4686-A4A6-C93151FBB71B}.Debug|Any CPU.Build.0 = Debug|Any CPU
		{B295E63E-B685-4686-A4A6-C93151FBB71B}.Release|Any CPU.ActiveCfg = Release|Any CPU
		{B295E63E-B685-4686-A4A6-C93151FBB71B}.Release|Any CPU.Build.0 = Release|Any CPU
		{45918D97-CC52-48D5-B34A-3343B3E5F1C0}.Debug|Any CPU.ActiveCfg = Debug|Any CPU
		{45918D97-CC52-48D5-B34A-3343B3E5F1C0}.Debug|Any CPU.Build.0 = Debug|Any CPU
		{45918D97-CC52-48D5-B34A-3343B3E5F1C0}.Release|Any CPU.ActiveCfg = Release|Any CPU
		{45918D97-CC52-48D5-B34A-3343B3E5F1C0}.Release|Any CPU.Build.0 = Release|Any CPU
		{5249E6F8-05CF-47B6-95BE-4776F003093F}.Debug|Any CPU.ActiveCfg = Debug|Any CPU
		{5249E6F8-05CF-47B6-95BE-4776F003093F}.Debug|Any CPU.Build.0 = Debug|Any CPU
		{5249E6F8-05CF-47B6-95BE-4776F003093F}.Release|Any CPU.ActiveCfg = Release|Any CPU
		{5249E6F8-05CF-47B6-95BE-4776F003093F}.Release|Any CPU.Build.0 = Release|Any CPU
		{D988E757-4EE0-4FBA-B843-6AADBD942281}.Debug|Any CPU.ActiveCfg = Debug|Any CPU
		{D988E757-4EE0-4FBA-B843-6AADBD942281}.Debug|Any CPU.Build.0 = Debug|Any CPU
		{D988E757-4EE0-4FBA-B843-6AADBD942281}.Release|Any CPU.ActiveCfg = Release|Any CPU
		{D988E757-4EE0-4FBA-B843-6AADBD942281}.Release|Any CPU.Build.0 = Release|Any CPU
		{15426C84-8DA5-4F58-8E68-47FC3674EC31}.Debug|Any CPU.ActiveCfg = Debug|Any CPU
		{15426C84-8DA5-4F58-8E68-47FC3674EC31}.Debug|Any CPU.Build.0 = Debug|Any CPU
		{15426C84-8DA5-4F58-8E68-47FC3674EC31}.Release|Any CPU.ActiveCfg = Release|Any CPU
		{15426C84-8DA5-4F58-8E68-47FC3674EC31}.Release|Any CPU.Build.0 = Release|Any CPU
		{404732F6-B3FB-451F-B63C-EA1875E79390}.Debug|Any CPU.ActiveCfg = Debug|Any CPU
		{404732F6-B3FB-451F-B63C-EA1875E79390}.Debug|Any CPU.Build.0 = Debug|Any CPU
		{404732F6-B3FB-451F-B63C-EA1875E79390}.Release|Any CPU.ActiveCfg = Release|Any CPU
		{404732F6-B3FB-451F-B63C-EA1875E79390}.Release|Any CPU.Build.0 = Release|Any CPU
	EndGlobalSection
	GlobalSection(SolutionProperties) = preSolution
		HideSolutionNode = FALSE
	EndGlobalSection
	GlobalSection(NestedProjects) = preSolution
		{E3324C94-C222-4B8C-85D8-D989A5B11120} = {E32D03E9-3A8B-4EAA-98A8-9A398245DD86}
		{AC9F74A2-8AEF-4728-88B0-4FE15BEB1BCE} = {443B486C-3D93-4D31-8CB2-215E69F60AFB}
		{FE7DBE15-8FFA-4C74-8F45-C8EAA129B857} = {67D7DD13-3F26-40EF-8E6A-E4F54689B576}
		{AE28F4B0-788D-419B-93E9-ED5D800D64F4} = {E32D03E9-3A8B-4EAA-98A8-9A398245DD86}
		{58F9F95F-B00E-4DD8-9467-13141EDF5038} = {E32D03E9-3A8B-4EAA-98A8-9A398245DD86}
		{D79B2B31-AE96-40FC-9AFD-F3DAF852662E} = {E32D03E9-3A8B-4EAA-98A8-9A398245DD86}
		{5448D1F7-2869-41C8-88F5-5634309D12E7} = {529A7824-04C4-4787-9306-B2B35EF44DD3}
		{9091FCE7-1289-4BBC-8BC6-669058DF4BA8} = {529A7824-04C4-4787-9306-B2B35EF44DD3}
		{004E2679-196B-4685-8E92-8FEC5A01FED9} = {443B486C-3D93-4D31-8CB2-215E69F60AFB}
		{B295E63E-B685-4686-A4A6-C93151FBB71B} = {529A7824-04C4-4787-9306-B2B35EF44DD3}
		{45918D97-CC52-48D5-B34A-3343B3E5F1C0} = {5FB94DB0-A08F-472D-A147-E30840CBAB43}
		{5249E6F8-05CF-47B6-95BE-4776F003093F} = {5FB94DB0-A08F-472D-A147-E30840CBAB43}
		{D988E757-4EE0-4FBA-B843-6AADBD942281} = {82C11B27-DFC7-473B-A790-D729C95AF960}
		{15426C84-8DA5-4F58-8E68-47FC3674EC31} = {82C11B27-DFC7-473B-A790-D729C95AF960}
		{404732F6-B3FB-451F-B63C-EA1875E79390} = {443B486C-3D93-4D31-8CB2-215E69F60AFB}
	EndGlobalSection
	GlobalSection(ExtensibilityGlobals) = postSolution
		SolutionGuid = {6EE37FBC-59BC-4DE0-A3CB-2E04E1D56D21}
	EndGlobalSection
EndGlobal
