
Microsoft Visual Studio Solution File, Format Version 12.00
# Visual Studio 15
VisualStudioVersion = 15.0.27004.2005
MinimumVisualStudioVersion = 10.0.40219.1
Project("{FAE04EC0-301F-11D3-BF4B-00C04F79EFBC}") = "Chatbot", "Chatbot\Chatbot.csproj", "{45918D97-CC52-48D5-B34A-3343B3E5F1C0}"
	ProjectSection(ProjectDependencies) = postProject
		{FE7DBE15-8FFA-4C74-8F45-C8EAA129B857} = {FE7DBE15-8FFA-4C74-8F45-C8EAA129B857}
		{B295E63E-B685-4686-A4A6-C93151FBB71B} = {B295E63E-B685-4686-A4A6-C93151FBB71B}
		{E3324C94-C222-4B8C-85D8-D989A5B11120} = {E3324C94-C222-4B8C-85D8-D989A5B11120}
		{5249E6F8-05CF-47B6-95BE-4776F003093F} = {5249E6F8-05CF-47B6-95BE-4776F003093F}
	EndProjectSection
EndProject
Project("{FAE04EC0-301F-11D3-BF4B-00C04F79EFBC}") = "Chatbot.Interfaces", "Chatbot.Interfaces\Chatbot.Interfaces.csproj", "{15426C84-8DA5-4F58-8E68-47FC3674EC31}"
EndProject
Project("{FAE04EC0-301F-11D3-BF4B-00C04F79EFBC}") = "Chatbot.Plugins.EchoBot", "Chatbot.Plugins.EchoBot\Chatbot.Plugins.EchoBot.csproj", "{E3324C94-C222-4B8C-85D8-D989A5B11120}"
EndProject
Project("{FAE04EC0-301F-11D3-BF4B-00C04F79EFBC}") = "Chatbot.DataAccessLayer", "Chatbot.DataAccessLayer\Chatbot.DataAccessLayer.csproj", "{AC9F74A2-8AEF-4728-88B0-4FE15BEB1BCE}"
	ProjectSection(ProjectDependencies) = postProject
		{0EC4528F-3C24-4609-B66C-658010CA81ED} = {0EC4528F-3C24-4609-B66C-658010CA81ED}
	EndProjectSection
EndProject
Project("{FAE04EC0-301F-11D3-BF4B-00C04F79EFBC}") = "Chatbot.Interfaces.DTOs", "Chatbot.Interfaces.DTOs\Chatbot.Interfaces.DTOs.csproj", "{CEA872AC-27C7-4770-9649-169771BB736E}"
EndProject
Project("{FAE04EC0-301F-11D3-BF4B-00C04F79EFBC}") = "Chatbot.Interfaces.Models", "Chatbot.Interfaces.Models\Chatbot.Interfaces.Models.csproj", "{0EC4528F-3C24-4609-B66C-658010CA81ED}"
EndProject
Project("{FAE04EC0-301F-11D3-BF4B-00C04F79EFBC}") = "Chatbot.DTOs", "Chatbot.DTOs\Chatbot.DTOs.csproj", "{5249E6F8-05CF-47B6-95BE-4776F003093F}"
EndProject
Project("{FAE04EC0-301F-11D3-BF4B-00C04F79EFBC}") = "Chatbot.Models", "Chatbot.Models\Chatbot.Models.csproj", "{B295E63E-B685-4686-A4A6-C93151FBB71B}"
EndProject
Project("{2150E333-8FDC-42A3-9474-1A3956D46DE8}") = "Plugins", "Plugins", "{E32D03E9-3A8B-4EAA-98A8-9A398245DD86}"
EndProject
Project("{2150E333-8FDC-42A3-9474-1A3956D46DE8}") = "Interfaces", "Interfaces", "{F1BDCF2A-176F-4F50-B427-948B1039551F}"
EndProject
Project("{FAE04EC0-301F-11D3-BF4B-00C04F79EFBC}") = "Chatbot.Mapping", "Chatbot.Mapping\Chatbot.Mapping.csproj", "{FE7DBE15-8FFA-4C74-8F45-C8EAA129B857}"
EndProject
Project("{2150E333-8FDC-42A3-9474-1A3956D46DE8}") = "Mapping", "Mapping", "{67D7DD13-3F26-40EF-8E6A-E4F54689B576}"
EndProject
Project("{2150E333-8FDC-42A3-9474-1A3956D46DE8}") = "DTOs", "DTOs", "{26BE8D2C-6322-4141-A40A-9D833B51C25C}"
EndProject
Project("{2150E333-8FDC-42A3-9474-1A3956D46DE8}") = "DataAccessLayer", "DataAccessLayer", "{443B486C-3D93-4D31-8CB2-215E69F60AFB}"
EndProject
Project("{2150E333-8FDC-42A3-9474-1A3956D46DE8}") = "Models", "Models", "{2F902770-51C2-4569-94CB-E759A3239434}"
EndProject
Project("{FAE04EC0-301F-11D3-BF4B-00C04F79EFBC}") = "Chatbot.Plugins.RoutePlannerBot", "Chatbot.Plugins.RoutePlannerBot\Chatbot.Plugins.RoutePlannerBot.csproj", "{58F9F95F-B00E-4DD8-9467-13141EDF5038}"
EndProject
Global
	GlobalSection(SolutionConfigurationPlatforms) = preSolution
		Debug|Any CPU = Debug|Any CPU
		Release|Any CPU = Release|Any CPU
	EndGlobalSection
	GlobalSection(ProjectConfigurationPlatforms) = postSolution
		{45918D97-CC52-48D5-B34A-3343B3E5F1C0}.Debug|Any CPU.ActiveCfg = Debug|Any CPU
		{45918D97-CC52-48D5-B34A-3343B3E5F1C0}.Debug|Any CPU.Build.0 = Debug|Any CPU
		{45918D97-CC52-48D5-B34A-3343B3E5F1C0}.Release|Any CPU.ActiveCfg = Release|Any CPU
		{45918D97-CC52-48D5-B34A-3343B3E5F1C0}.Release|Any CPU.Build.0 = Release|Any CPU
		{15426C84-8DA5-4F58-8E68-47FC3674EC31}.Debug|Any CPU.ActiveCfg = Debug|Any CPU
		{15426C84-8DA5-4F58-8E68-47FC3674EC31}.Debug|Any CPU.Build.0 = Debug|Any CPU
		{15426C84-8DA5-4F58-8E68-47FC3674EC31}.Release|Any CPU.ActiveCfg = Release|Any CPU
		{15426C84-8DA5-4F58-8E68-47FC3674EC31}.Release|Any CPU.Build.0 = Release|Any CPU
		{E3324C94-C222-4B8C-85D8-D989A5B11120}.Debug|Any CPU.ActiveCfg = Debug|Any CPU
		{E3324C94-C222-4B8C-85D8-D989A5B11120}.Debug|Any CPU.Build.0 = Debug|Any CPU
		{E3324C94-C222-4B8C-85D8-D989A5B11120}.Release|Any CPU.ActiveCfg = Release|Any CPU
		{E3324C94-C222-4B8C-85D8-D989A5B11120}.Release|Any CPU.Build.0 = Release|Any CPU
		{AC9F74A2-8AEF-4728-88B0-4FE15BEB1BCE}.Debug|Any CPU.ActiveCfg = Debug|Any CPU
		{AC9F74A2-8AEF-4728-88B0-4FE15BEB1BCE}.Debug|Any CPU.Build.0 = Debug|Any CPU
		{AC9F74A2-8AEF-4728-88B0-4FE15BEB1BCE}.Release|Any CPU.ActiveCfg = Release|Any CPU
		{AC9F74A2-8AEF-4728-88B0-4FE15BEB1BCE}.Release|Any CPU.Build.0 = Release|Any CPU
		{CEA872AC-27C7-4770-9649-169771BB736E}.Debug|Any CPU.ActiveCfg = Debug|Any CPU
		{CEA872AC-27C7-4770-9649-169771BB736E}.Debug|Any CPU.Build.0 = Debug|Any CPU
		{CEA872AC-27C7-4770-9649-169771BB736E}.Release|Any CPU.ActiveCfg = Release|Any CPU
		{CEA872AC-27C7-4770-9649-169771BB736E}.Release|Any CPU.Build.0 = Release|Any CPU
		{0EC4528F-3C24-4609-B66C-658010CA81ED}.Debug|Any CPU.ActiveCfg = Debug|Any CPU
		{0EC4528F-3C24-4609-B66C-658010CA81ED}.Debug|Any CPU.Build.0 = Debug|Any CPU
		{0EC4528F-3C24-4609-B66C-658010CA81ED}.Release|Any CPU.ActiveCfg = Release|Any CPU
		{0EC4528F-3C24-4609-B66C-658010CA81ED}.Release|Any CPU.Build.0 = Release|Any CPU
		{5249E6F8-05CF-47B6-95BE-4776F003093F}.Debug|Any CPU.ActiveCfg = Debug|Any CPU
		{5249E6F8-05CF-47B6-95BE-4776F003093F}.Debug|Any CPU.Build.0 = Debug|Any CPU
		{5249E6F8-05CF-47B6-95BE-4776F003093F}.Release|Any CPU.ActiveCfg = Release|Any CPU
		{5249E6F8-05CF-47B6-95BE-4776F003093F}.Release|Any CPU.Build.0 = Release|Any CPU
		{B295E63E-B685-4686-A4A6-C93151FBB71B}.Debug|Any CPU.ActiveCfg = Debug|Any CPU
		{B295E63E-B685-4686-A4A6-C93151FBB71B}.Debug|Any CPU.Build.0 = Debug|Any CPU
		{B295E63E-B685-4686-A4A6-C93151FBB71B}.Release|Any CPU.ActiveCfg = Release|Any CPU
		{B295E63E-B685-4686-A4A6-C93151FBB71B}.Release|Any CPU.Build.0 = Release|Any CPU
		{FE7DBE15-8FFA-4C74-8F45-C8EAA129B857}.Debug|Any CPU.ActiveCfg = Debug|Any CPU
		{FE7DBE15-8FFA-4C74-8F45-C8EAA129B857}.Debug|Any CPU.Build.0 = Debug|Any CPU
		{FE7DBE15-8FFA-4C74-8F45-C8EAA129B857}.Release|Any CPU.ActiveCfg = Release|Any CPU
		{FE7DBE15-8FFA-4C74-8F45-C8EAA129B857}.Release|Any CPU.Build.0 = Release|Any CPU
		{58F9F95F-B00E-4DD8-9467-13141EDF5038}.Debug|Any CPU.ActiveCfg = Debug|Any CPU
		{58F9F95F-B00E-4DD8-9467-13141EDF5038}.Debug|Any CPU.Build.0 = Debug|Any CPU
		{58F9F95F-B00E-4DD8-9467-13141EDF5038}.Release|Any CPU.ActiveCfg = Release|Any CPU
		{58F9F95F-B00E-4DD8-9467-13141EDF5038}.Release|Any CPU.Build.0 = Release|Any CPU
	EndGlobalSection
	GlobalSection(SolutionProperties) = preSolution
		HideSolutionNode = FALSE
	EndGlobalSection
	GlobalSection(NestedProjects) = preSolution
		{15426C84-8DA5-4F58-8E68-47FC3674EC31} = {F1BDCF2A-176F-4F50-B427-948B1039551F}
		{E3324C94-C222-4B8C-85D8-D989A5B11120} = {E32D03E9-3A8B-4EAA-98A8-9A398245DD86}
		{AC9F74A2-8AEF-4728-88B0-4FE15BEB1BCE} = {443B486C-3D93-4D31-8CB2-215E69F60AFB}
		{CEA872AC-27C7-4770-9649-169771BB736E} = {F1BDCF2A-176F-4F50-B427-948B1039551F}
		{0EC4528F-3C24-4609-B66C-658010CA81ED} = {F1BDCF2A-176F-4F50-B427-948B1039551F}
		{5249E6F8-05CF-47B6-95BE-4776F003093F} = {26BE8D2C-6322-4141-A40A-9D833B51C25C}
		{B295E63E-B685-4686-A4A6-C93151FBB71B} = {2F902770-51C2-4569-94CB-E759A3239434}
		{FE7DBE15-8FFA-4C74-8F45-C8EAA129B857} = {67D7DD13-3F26-40EF-8E6A-E4F54689B576}
		{58F9F95F-B00E-4DD8-9467-13141EDF5038} = {E32D03E9-3A8B-4EAA-98A8-9A398245DD86}
	EndGlobalSection
	GlobalSection(ExtensibilityGlobals) = postSolution
		SolutionGuid = {6EE37FBC-59BC-4DE0-A3CB-2E04E1D56D21}
	EndGlobalSection
EndGlobal
